# THIS IS AN AUTOGENERATED FILE. DO NOT EDIT THIS FILE DIRECTLY.
# yarn lockfile v1


dommatrix@0.0.24:
  version "0.0.24"
  resolved "https://packages.bethel.jw.org/artifactory/api/npm/npm-art/dommatrix/-/dommatrix-0.0.24.tgz#0b793da372992878b74c31f64ac85e7a13cb382a"
  integrity sha512-PatEhAW5pIHr28MvFQGV5iiHNloqvecQZlxs7/8s/eulLqZI3uVqPkrO7YDuqsebovr/9mmcWDSWzVG4amEZgQ==

pdf.js-extract@^0.2.0:
  version "0.2.0"
  resolved "https://packages.bethel.jw.org/artifactory/api/npm/npm-art/pdf.js-extract/-/pdf.js-extract-0.2.0.tgz#162f1aefae6b1fe2aa683057fcd9fd80d44ff58c"
  integrity sha512-oUcah0BEsiAtO25SrhG3jzihmiYw9bq+oH0T5NcomKu8Y2pU5j1xco2JPWV2i2vl38nf8cL/MiBu+Fcog6I07A==
  dependencies:
    dommatrix "0.0.24"
    web-streams-polyfill "3.2.0"

web-streams-polyfill@3.2.0:
  version "3.2.0"
  resolved "https://packages.bethel.jw.org/artifactory/api/npm/npm-art/web-streams-polyfill/-/web-streams-polyfill-3.2.0.tgz#a6b74026b38e4885869fb5c589e90b95ccfc7965"
  integrity sha512-EqPmREeOzttaLRm5HS7io98goBgZ7IVz79aDvqjD0kYXLtFZTc0T/U6wHTPKyIjb+MdN7DFIIX6hgdBEpWmfPA==
